schema: '2.0'
stages:
  get_data:
    cmd: python scripts/data.py
    deps:
    - path: scripts/data.py
      hash: md5
      md5: f280a3fe8ba2ae45de99a31615f22c4e
      size: 1538
    params:
      params.yaml:
        index_col: customer_id
    outs:
    - path: data/initial_data.csv
      hash: md5
      md5: 5b6bb39b4d020c1c63e97c70b43c03cf
      size: 822095
  fit_model:
    cmd: python scripts/fit.py
    deps:
    - path: data/initial_data.csv
      hash: md5
      md5: 5b6bb39b4d020c1c63e97c70b43c03cf
      size: 822095
    - path: scripts/fit.py
      hash: md5
      md5: e786d33e380d22139b6f2ec1b9ef91ce
      size: 2183
    params:
      params.yaml:
        auto_class_weights: Balanced
        index_col: customer_id
        one_hot_drop: if_binary
        target_col: target
    outs:
    - path: models/fitted_model.pkl
      hash: md5
      md5: 318ee4effd7b27c2832f937691342ad0
      size: 1103250
  evaluate_model:
    cmd: python scripts/evaluate.py
    deps:
    - path: models/fitted_model.pkl
      hash: md5
      md5: 318ee4effd7b27c2832f937691342ad0
      size: 1103250
    - path: scripts/evaluate.py
      hash: md5
      md5: a69e907aaf915a021d1a39d82aa12b7f
      size: 1530
    params:
      params.yaml:
        index_col: customer_id
        metrics:
        - f1
        - roc_auc
        n_jobs: -1
        n_splits: 5
        target_col: target
    outs:
    - path: cv_results/cv_res.json
      hash: md5
      md5: d57ca97b73caa1c0638d52d7a310da54
      size: 95
