schema: '2.0'
stages:
  get_data:
    cmd: python scripts/data.py
    deps:
    - path: scripts/data.py
      hash: md5
      md5: f280a3fe8ba2ae45de99a31615f22c4e
      size: 1538
    params:
      params.yaml:
        index_col: customer_id
        retrain: true
    outs:
    - path: data/initial_data.csv
      hash: md5
      md5: 5b6bb39b4d020c1c63e97c70b43c03cf
      size: 822095
      cloud:
        my_mle_storage:
          etag: 5b6bb39b4d020c1c63e97c70b43c03cf
          version_id: 00064E3CAEFBECD8
  fit_model:
    cmd: python scripts/fit.py
    deps:
    - path: data/initial_data.csv
      hash: md5
      md5: 5b6bb39b4d020c1c63e97c70b43c03cf
      size: 822095
    - path: scripts/fit.py
      hash: md5
      md5: e786d33e380d22139b6f2ec1b9ef91ce
      size: 2183
    params:
      params.yaml:
        auto_class_weights: Balanced
        index_col: customer_id
        one_hot_drop: if_binary
        retrain: true
        target_col: target
    outs:
    - path: models/fitted_model.pkl
      hash: md5
      md5: 7efa20af700ed58c8e1b7c9b24920d02
      size: 1103250
      cloud:
        my_mle_storage:
          etag: 7efa20af700ed58c8e1b7c9b24920d02
          version_id: 00064E3F6F96CC60
  evaluate_model:
    cmd: python scripts/evaluate.py
    deps:
    - path: models/fitted_model.pkl
      hash: md5
      md5: 7efa20af700ed58c8e1b7c9b24920d02
      size: 1103250
    - path: scripts/evaluate.py
      hash: md5
      md5: a69e907aaf915a021d1a39d82aa12b7f
      size: 1530
    params:
      params.yaml:
        index_col: customer_id
        metrics:
        - f1
        - roc_auc
        n_jobs: -1
        n_splits: 5
        retrain: true
        target_col: target
    outs:
    - path: cv_results/cv_res.json
      hash: md5
      md5: 39504fc2fedeeaa063b0ffdabd122ff7
      size: 95
      cloud:
        my_mle_storage:
          etag: 39504fc2fedeeaa063b0ffdabd122ff7
          version_id: 00064E3F6F973D5E
