schema: '2.0'
stages:
  get_data:
    cmd: python scripts/data.py
    deps:
    - path: scripts/data.py
      hash: md5
      md5: c7736d238f5e3948bb37d2880b9c8c18
      size: 1604
    params:
      params.yaml:
        index_col: customer_id
        retrain: true
    outs:
    - path: data/initial_data.csv
      hash: md5
      md5: 5f8c4bba05ef15dfa2a0e470b316f7e3
      size: 685226
      cloud:
        my_mle_storage:
          etag: 5f8c4bba05ef15dfa2a0e470b316f7e3
          version_id: 00064EF61602A467
  fit_model:
    cmd: python scripts/fit.py
    deps:
    - path: data/initial_data.csv
      hash: md5
      md5: 5f8c4bba05ef15dfa2a0e470b316f7e3
      size: 685226
    - path: scripts/fit.py
      hash: md5
      md5: 1a32ea5cef5a418a9b6eeb0d31c368d1
      size: 2704
    params:
      params.yaml:
        auto_class_weights: Balanced
        index_col: customer_id
        one_hot_drop: if_binary
        retrain: true
        target_col: target
    outs:
    - path: models/fitted_model.pkl
      hash: md5
      md5: c720ac318cbb355ef478cf94e87d2543
      size: 1097672
      cloud:
        my_mle_storage:
          etag: c720ac318cbb355ef478cf94e87d2543
          version_id: 00064EF61601E488
  evaluate_model:
    cmd: python scripts/evaluate.py
    deps:
    - path: models/fitted_model.pkl
      hash: md5
      md5: c720ac318cbb355ef478cf94e87d2543
      size: 1097672
    - path: scripts/evaluate.py
      hash: md5
      md5: 15916b6fa0fae567e7f58bc1156862fb
      size: 1767
    params:
      params.yaml:
        index_col: customer_id
        metrics:
        - f1
        - roc_auc
        n_jobs: -1
        n_splits: 5
        retrain: true
        target_col: target
    outs:
    - path: cv_results/cv_res.json
      hash: md5
      md5: ebb4d9841863a5b72de3e00aa4d1559c
      size: 98
      cloud:
        my_mle_storage:
          etag: ebb4d9841863a5b72de3e00aa4d1559c
          version_id: 00064EF616027DC1
